
Microsoft Visual Studio Solution File, Format Version 12.00
# Visual Studio Version 17
VisualStudioVersion = 17.10.35122.118
MinimumVisualStudioVersion = 10.0.40219.1
Project("{FAE04EC0-301F-11D3-BF4B-00C04F79EFBC}") = "MinchoWitchPatch", "MinchoWitchPatch.csproj", "{F687FF57-F3D7-40F6-9475-D934BB289463}"
EndProject
Global
	GlobalSection(SolutionConfigurationPlatforms) = preSolution
		Debug|Any CPU = Debug|Any CPU
		Release|Any CPU = Release|Any CPU
	EndGlobalSection
	GlobalSection(ProjectConfigurationPlatforms) = postSolution
		{F687FF57-F3D7-40F6-9475-D934BB289463}.Debug|Any CPU.ActiveCfg = Debug|Any CPU
		{F687FF57-F3D7-40F6-9475-D934BB289463}.Debug|Any CPU.Build.0 = Debug|Any CPU
		{F687FF57-F3D7-40F6-9475-D934BB289463}.Release|Any CPU.ActiveCfg = Release|Any CPU
		{F687FF57-F3D7-40F6-9475-D934BB289463}.Release|Any CPU.Build.0 = Release|Any CPU
	EndGlobalSection
	GlobalSection(SolutionProperties) = preSolution
		HideSolutionNode = FALSE
	EndGlobalSection
	GlobalSection(ExtensibilityGlobals) = postSolution
		SolutionGuid = {F001147A-2263-4658-8265-5A6FB99628E9}
	EndGlobalSection
EndGlobal
